// !$*UTF8*$!
{
	archiveVersion = 1;
	classes = {
	};
	objectVersion = 53;
	objects = {

/* Begin PBXBuildFile section */
		1564D49F2AB16BC500200ABC /* AppDelegate.swift in Sources */ = {isa = PBXBuildFile; fileRef = 1564D49E2AB16BC500200ABC /* AppDelegate.swift */; };
		1564D4A12AB16BC500200ABC /* SceneDelegate.swift in Sources */ = {isa = PBXBuildFile; fileRef = 1564D4A02AB16BC500200ABC /* SceneDelegate.swift */; };
		1564D4A32AB16BC500200ABC /* ViewController.swift in Sources */ = {isa = PBXBuildFile; fileRef = 1564D4A22AB16BC500200ABC /* ViewController.swift */; };
		1564D4A62AB16BC500200ABC /* Main.storyboard in Resources */ = {isa = PBXBuildFile; fileRef = 1564D4A42AB16BC500200ABC /* Main.storyboard */; };
		1564D4A82AB16BC700200ABC /* Assets.xcassets in Resources */ = {isa = PBXBuildFile; fileRef = 1564D4A72AB16BC700200ABC /* Assets.xcassets */; };
		1564D4AB2AB16BC700200ABC /* LaunchScreen.storyboard in Resources */ = {isa = PBXBuildFile; fileRef = 1564D4A92AB16BC700200ABC /* LaunchScreen.storyboard */; };
		1564D4B62AB16BC700200ABC /* MobileAppTests.swift in Sources */ = {isa = PBXBuildFile; fileRef = 1564D4B52AB16BC700200ABC /* MobileAppTests.swift */; };
		1564D4C02AB16BC700200ABC /* MobileAppUITests.swift in Sources */ = {isa = PBXBuildFile; fileRef = 1564D4BF2AB16BC700200ABC /* MobileAppUITests.swift */; };
		1564D4C22AB16BC700200ABC /* MobileAppUITestsLaunchTests.swift in Sources */ = {isa = PBXBuildFile; fileRef = 1564D4C12AB16BC700200ABC /* MobileAppUITestsLaunchTests.swift */; };
/* End PBXBuildFile section */

/* Begin PBXContainerItemProxy section */
		1564D4B22AB16BC700200ABC /* PBXContainerItemProxy */ = {
			isa = PBXContainerItemProxy;
			containerPortal = 1564D4932AB16BC500200ABC /* Project object */;
			proxyType = 1;
			remoteGlobalIDString = 1564D49A2AB16BC500200ABC;
			remoteInfo = MobileApp;
		};
		1564D4BC2AB16BC700200ABC /* PBXContainerItemProxy */ = {
			isa = PBXContainerItemProxy;
			containerPortal = 1564D4932AB16BC500200ABC /* Project object */;
			proxyType = 1;
			remoteGlobalIDString = 1564D49A2AB16BC500200ABC;
			remoteInfo = MobileApp;
		};
/* End PBXContainerItemProxy section */

/* Begin PBXFileReference section */
		1564D49B2AB16BC500200ABC /* MobileApp.app */ = {isa = PBXFileReference; explicitFileType = wrapper.application; includeInIndex = 0; path = MobileApp.app; sourceTree = BUILT_PRODUCTS_DIR; };
		1564D49E2AB16BC500200ABC /* AppDelegate.swift */ = {isa = PBXFileReference; lastKnownFileType = sourcecode.swift; path = AppDelegate.swift; sourceTree = "<group>"; };
		1564D4A02AB16BC500200ABC /* SceneDelegate.swift */ = {isa = PBXFileReference; lastKnownFileType = sourcecode.swift; path = SceneDelegate.swift; sourceTree = "<group>"; };
		1564D4A22AB16BC500200ABC /* ViewController.swift */ = {isa = PBXFileReference; lastKnownFileType = sourcecode.swift; path = ViewController.swift; sourceTree = "<group>"; };
		1564D4A52AB16BC500200ABC /* Base */ = {isa = PBXFileReference; lastKnownFileType = file.storyboard; name = Base; path = Base.lproj/Main.storyboard; sourceTree = "<group>"; };
		1564D4A72AB16BC700200ABC /* Assets.xcassets */ = {isa = PBXFileReference; lastKnownFileType = folder.assetcatalog; path = Assets.xcassets; sourceTree = "<group>"; };
		1564D4AA2AB16BC700200ABC /* Base */ = {isa = PBXFileReference; lastKnownFileType = file.storyboard; name = Base; path = Base.lproj/LaunchScreen.storyboard; sourceTree = "<group>"; };
		1564D4AC2AB16BC700200ABC /* Info.plist */ = {isa = PBXFileReference; lastKnownFileType = text.plist.xml; path = Info.plist; sourceTree = "<group>"; };
		1564D4B12AB16BC700200ABC /* MobileAppTests.xctest */ = {isa = PBXFileReference; explicitFileType = wrapper.cfbundle; includeInIndex = 0; path = MobileAppTests.xctest; sourceTree = BUILT_PRODUCTS_DIR; };
		1564D4B52AB16BC700200ABC /* MobileAppTests.swift */ = {isa = PBXFileReference; lastKnownFileType = sourcecode.swift; path = MobileAppTests.swift; sourceTree = "<group>"; };
		1564D4BB2AB16BC700200ABC /* MobileAppUITests.xctest */ = {isa = PBXFileReference; explicitFileType = wrapper.cfbundle; includeInIndex = 0; path = MobileAppUITests.xctest; sourceTree = BUILT_PRODUCTS_DIR; };
		1564D4BF2AB16BC700200ABC /* MobileAppUITests.swift */ = {isa = PBXFileReference; lastKnownFileType = sourcecode.swift; path = MobileAppUITests.swift; sourceTree = "<group>"; };
		1564D4C12AB16BC700200ABC /* MobileAppUITestsLaunchTests.swift */ = {isa = PBXFileReference; lastKnownFileType = sourcecode.swift; path = MobileAppUITestsLaunchTests.swift; sourceTree = "<group>"; };
/* End PBXFileReference section */

/* Begin PBXFrameworksBuildPhase section */
		1564D4982AB16BC500200ABC /* Frameworks */ = {
			isa = PBXFrameworksBuildPhase;
			buildActionMask = 2147483647;
			files = (
			);
			runOnlyForDeploymentPostprocessing = 0;
		};
		1564D4AE2AB16BC700200ABC /* Frameworks */ = {
			isa = PBXFrameworksBuildPhase;
			buildActionMask = 2147483647;
			files = (
			);
			runOnlyForDeploymentPostprocessing = 0;
		};
		1564D4B82AB16BC700200ABC /* Frameworks */ = {
			isa = PBXFrameworksBuildPhase;
			buildActionMask = 2147483647;
			files = (
			);
			runOnlyForDeploymentPostprocessing = 0;
		};
/* End PBXFrameworksBuildPhase section */

/* Begin PBXGroup section */
		1564D4922AB16BC500200ABC = {
			isa = PBXGroup;
			children = (
				1564D49D2AB16BC500200ABC /* MobileApp */,
				1564D4B42AB16BC700200ABC /* MobileAppTests */,
				1564D4BE2AB16BC700200ABC /* MobileAppUITests */,
				1564D49C2AB16BC500200ABC /* Products */,
			);
			sourceTree = "<group>";
		};
		1564D49C2AB16BC500200ABC /* Products */ = {
			isa = PBXGroup;
			children = (
				1564D49B2AB16BC500200ABC /* MobileApp.app */,
				1564D4B12AB16BC700200ABC /* MobileAppTests.xctest */,
				1564D4BB2AB16BC700200ABC /* MobileAppUITests.xctest */,
			);
			name = Products;
			sourceTree = "<group>";
		};
		1564D49D2AB16BC500200ABC /* MobileApp */ = {
			isa = PBXGroup;
			children = (
				1564D49E2AB16BC500200ABC /* AppDelegate.swift */,
				1564D4A02AB16BC500200ABC /* SceneDelegate.swift */,
				1564D4A22AB16BC500200ABC /* ViewController.swift */,
				1564D4A42AB16BC500200ABC /* Main.storyboard */,
				1564D4A72AB16BC700200ABC /* Assets.xcassets */,
				1564D4A92AB16BC700200ABC /* LaunchScreen.storyboard */,
				1564D4AC2AB16BC700200ABC /* Info.plist */,
			);
			path = MobileApp;
			sourceTree = "<group>";
		};
		1564D4B42AB16BC700200ABC /* MobileAppTests */ = {
			isa = PBXGroup;
			children = (
				1564D4B52AB16BC700200ABC /* MobileAppTests.swift */,
			);
			path = MobileAppTests;
			sourceTree = "<group>";
		};
		1564D4BE2AB16BC700200ABC /* MobileAppUITests */ = {
			isa = PBXGroup;
			children = (
				1564D4BF2AB16BC700200ABC /* MobileAppUITests.swift */,
				1564D4C12AB16BC700200ABC /* MobileAppUITestsLaunchTests.swift */,
			);
			path = MobileAppUITests;
			sourceTree = "<group>";
		};
/* End PBXGroup section */

/* Begin PBXNativeTarget section */
		1564D49A2AB16BC500200ABC /* MobileApp */ = {
			isa = PBXNativeTarget;
			buildConfigurationList = 1564D4C52AB16BC700200ABC /* Build configuration list for PBXNativeTarget "MobileApp" */;
			buildPhases = (
				1564D4972AB16BC500200ABC /* Sources */,
				1564D4982AB16BC500200ABC /* Frameworks */,
				1564D4992AB16BC500200ABC /* Resources */,
			);
			buildRules = (
			);
			dependencies = (
			);
			name = MobileApp;
			productName = MobileApp;
			productReference = 1564D49B2AB16BC500200ABC /* MobileApp.app */;
			productType = "com.apple.product-type.application";
		};
		1564D4B02AB16BC700200ABC /* MobileAppTests */ = {
			isa = PBXNativeTarget;
			buildConfigurationList = 1564D4C82AB16BC700200ABC /* Build configuration list for PBXNativeTarget "MobileAppTests" */;
			buildPhases = (
				1564D4AD2AB16BC700200ABC /* Sources */,
				1564D4AE2AB16BC700200ABC /* Frameworks */,
				1564D4AF2AB16BC700200ABC /* Resources */,
			);
			buildRules = (
			);
			dependencies = (
				1564D4B32AB16BC700200ABC /* PBXTargetDependency */,
			);
			name = MobileAppTests;
			productName = MobileAppTests;
			productReference = 1564D4B12AB16BC700200ABC /* MobileAppTests.xctest */;
			productType = "com.apple.product-type.bundle.unit-test";
		};
		1564D4BA2AB16BC700200ABC /* MobileAppUITests */ = {
			isa = PBXNativeTarget;
			buildConfigurationList = 1564D4CB2AB16BC700200ABC /* Build configuration list for PBXNativeTarget "MobileAppUITests" */;
			buildPhases = (
				1564D4B72AB16BC700200ABC /* Sources */,
				1564D4B82AB16BC700200ABC /* Frameworks */,
				1564D4B92AB16BC700200ABC /* Resources */,
			);
			buildRules = (
			);
			dependencies = (
				1564D4BD2AB16BC700200ABC /* PBXTargetDependency */,
			);
			name = MobileAppUITests;
			productName = MobileAppUITests;
			productReference = 1564D4BB2AB16BC700200ABC /* MobileAppUITests.xctest */;
			productType = "com.apple.product-type.bundle.ui-testing";
		};
/* End PBXNativeTarget section */

/* Begin PBXProject section */
		1564D4932AB16BC500200ABC /* Project object */ = {
			isa = PBXProject;
			attributes = {
				BuildIndependentTargetsInParallel = 1;
				LastSwiftUpdateCheck = 1420;
				LastUpgradeCheck = 1420;
				TargetAttributes = {
					1564D49A2AB16BC500200ABC = {
						CreatedOnToolsVersion = 14.2;
					};
					1564D4B02AB16BC700200ABC = {
						CreatedOnToolsVersion = 14.2;
						TestTargetID = 1564D49A2AB16BC500200ABC;
					};
					1564D4BA2AB16BC700200ABC = {
						CreatedOnToolsVersion = 14.2;
						TestTargetID = 1564D49A2AB16BC500200ABC;
					};
				};
			};
			buildConfigurationList = 1564D4962AB16BC500200ABC /* Build configuration list for PBXProject "MobileApp" */;
			compatibilityVersion = "Xcode 9.3";
			developmentRegion = en;
			hasScannedForEncodings = 0;
			knownRegions = (
				en,
				Base,
			);
			mainGroup = 1564D4922AB16BC500200ABC;
			productRefGroup = 1564D49C2AB16BC500200ABC /* Products */;
			projectDirPath = "";
			projectRoot = "";
			targets = (
				1564D49A2AB16BC500200ABC /* MobileApp */,
				1564D4B02AB16BC700200ABC /* MobileAppTests */,
				1564D4BA2AB16BC700200ABC /* MobileAppUITests */,
			);
		};
/* End PBXProject section */

/* Begin PBXResourcesBuildPhase section */
		1564D4992AB16BC500200ABC /* Resources */ = {
			isa = PBXResourcesBuildPhase;
			buildActionMask = 2147483647;
			files = (
				1564D4AB2AB16BC700200ABC /* LaunchScreen.storyboard in Resources */,
				1564D4A82AB16BC700200ABC /* Assets.xcassets in Resources */,
				1564D4A62AB16BC500200ABC /* Main.storyboard in Resources */,
			);
			runOnlyForDeploymentPostprocessing = 0;
		};
		1564D4AF2AB16BC700200ABC /* Resources */ = {
			isa = PBXResourcesBuildPhase;
			buildActionMask = 2147483647;
			files = (
			);
			runOnlyForDeploymentPostprocessing = 0;
		};
		1564D4B92AB16BC700200ABC /* Resources */ = {
			isa = PBXResourcesBuildPhase;
			buildActionMask = 2147483647;
			files = (
			);
			runOnlyForDeploymentPostprocessing = 0;
		};
/* End PBXResourcesBuildPhase section */

/* Begin PBXSourcesBuildPhase section */
		1564D4972AB16BC500200ABC /* Sources */ = {
			isa = PBXSourcesBuildPhase;
			buildActionMask = 2147483647;
			files = (
				1564D4A32AB16BC500200ABC /* ViewController.swift in Sources */,
				1564D49F2AB16BC500200ABC /* AppDelegate.swift in Sources */,
				1564D4A12AB16BC500200ABC /* SceneDelegate.swift in Sources */,
			);
			runOnlyForDeploymentPostprocessing = 0;
		};
		1564D4AD2AB16BC700200ABC /* Sources */ = {
			isa = PBXSourcesBuildPhase;
			buildActionMask = 2147483647;
			files = (
				1564D4B62AB16BC700200ABC /* MobileAppTests.swift in Sources */,
			);
			runOnlyForDeploymentPostprocessing = 0;
		};
		1564D4B72AB16BC700200ABC /* Sources */ = {
			isa = PBXSourcesBuildPhase;
			buildActionMask = 2147483647;
			files = (
				1564D4C22AB16BC700200ABC /* MobileAppUITestsLaunchTests.swift in Sources */,
				1564D4C02AB16BC700200ABC /* MobileAppUITests.swift in Sources */,
			);
			runOnlyForDeploymentPostprocessing = 0;
		};
/* End PBXSourcesBuildPhase section */

/* Begin PBXTargetDependency section */
		1564D4B32AB16BC700200ABC /* PBXTargetDependency */ = {
			isa = PBXTargetDependency;
			target = 1564D49A2AB16BC500200ABC /* MobileApp */;
			targetProxy = 1564D4B22AB16BC700200ABC /* PBXContainerItemProxy */;
		};
		1564D4BD2AB16BC700200ABC /* PBXTargetDependency */ = {
			isa = PBXTargetDependency;
			target = 1564D49A2AB16BC500200ABC /* MobileApp */;
			targetProxy = 1564D4BC2AB16BC700200ABC /* PBXContainerItemProxy */;
		};
/* End PBXTargetDependency section */

/* Begin PBXVariantGroup section */
		1564D4A42AB16BC500200ABC /* Main.storyboard */ = {
			isa = PBXVariantGroup;
			children = (
				1564D4A52AB16BC500200ABC /* Base */,
			);
			name = Main.storyboard;
			sourceTree = "<group>";
		};
		1564D4A92AB16BC700200ABC /* LaunchScreen.storyboard */ = {
			isa = PBXVariantGroup;
			children = (
				1564D4AA2AB16BC700200ABC /* Base */,
			);
			name = LaunchScreen.storyboard;
			sourceTree = "<group>";
		};
/* End PBXVariantGroup section */

/* Begin XCBuildConfiguration section */
		1564D4C32AB16BC700200ABC /* Debug */ = {
			isa = XCBuildConfiguration;
			buildSettings = {
				ALWAYS_SEARCH_USER_PATHS = NO;
				CLANG_ANALYZER_NONNULL = YES;
				CLANG_ANALYZER_NUMBER_OBJECT_CONVERSION = YES_AGGRESSIVE;
				CLANG_CXX_LANGUAGE_STANDARD = "gnu++20";
				CLANG_ENABLE_MODULES = YES;
				CLANG_ENABLE_OBJC_ARC = YES;
				CLANG_ENABLE_OBJC_WEAK = YES;
				CLANG_WARN_BLOCK_CAPTURE_AUTORELEASING = YES;
				CLANG_WARN_BOOL_CONVERSION = YES;
				CLANG_WARN_COMMA = YES;
				CLANG_WARN_CONSTANT_CONVERSION = YES;
				CLANG_WARN_DEPRECATED_OBJC_IMPLEMENTATIONS = YES;
				CLANG_WARN_DIRECT_OBJC_ISA_USAGE = YES_ERROR;
				CLANG_WARN_DOCUMENTATION_COMMENTS = YES;
				CLANG_WARN_EMPTY_BODY = YES;
				CLANG_WARN_ENUM_CONVERSION = YES;
				CLANG_WARN_INFINITE_RECURSION = YES;
				CLANG_WARN_INT_CONVERSION = YES;
				CLANG_WARN_NON_LITERAL_NULL_CONVERSION = YES;
				CLANG_WARN_OBJC_IMPLICIT_RETAIN_SELF = YES;
				CLANG_WARN_OBJC_LITERAL_CONVERSION = YES;
				CLANG_WARN_OBJC_ROOT_CLASS = YES_ERROR;
				CLANG_WARN_QUOTED_INCLUDE_IN_FRAMEWORK_HEADER = YES;
				CLANG_WARN_RANGE_LOOP_ANALYSIS = YES;
				CLANG_WARN_STRICT_PROTOTYPES = YES;
				CLANG_WARN_SUSPICIOUS_MOVE = YES;
				CLANG_WARN_UNGUARDED_AVAILABILITY = YES_AGGRESSIVE;
				CLANG_WARN_UNREACHABLE_CODE = YES;
				CLANG_WARN__DUPLICATE_METHOD_MATCH = YES;
				COPY_PHASE_STRIP = NO;
				DEBUG_INFORMATION_FORMAT = dwarf;
				ENABLE_STRICT_OBJC_MSGSEND = YES;
				ENABLE_TESTABILITY = YES;
				GCC_C_LANGUAGE_STANDARD = gnu11;
				GCC_DYNAMIC_NO_PIC = NO;
				GCC_NO_COMMON_BLOCKS = YES;
				GCC_OPTIMIZATION_LEVEL = 0;
				GCC_PREPROCESSOR_DEFINITIONS = (
					"DEBUG=1",
					"$(inherited)",
				);
				GCC_WARN_64_TO_32_BIT_CONVERSION = YES;
				GCC_WARN_ABOUT_RETURN_TYPE = YES_ERROR;
				GCC_WARN_UNDECLARED_SELECTOR = YES;
				GCC_WARN_UNINITIALIZED_AUTOS = YES_AGGRESSIVE;
				GCC_WARN_UNUSED_FUNCTION = YES;
				GCC_WARN_UNUSED_VARIABLE = YES;
				IPHONEOS_DEPLOYMENT_TARGET = 16.2;
				MTL_ENABLE_DEBUG_INFO = INCLUDE_SOURCE;
				MTL_FAST_MATH = YES;
				ONLY_ACTIVE_ARCH = YES;
				SDKROOT = iphoneos;
				SWIFT_ACTIVE_COMPILATION_CONDITIONS = DEBUG;
				SWIFT_OPTIMIZATION_LEVEL = "-Onone";
			};
			name = Debug;
		};
		1564D4C42AB16BC700200ABC /* Release */ = {
			isa = XCBuildConfiguration;
			buildSettings = {
				ALWAYS_SEARCH_USER_PATHS = NO;
				CLANG_ANALYZER_NONNULL = YES;
				CLANG_ANALYZER_NUMBER_OBJECT_CONVERSION = YES_AGGRESSIVE;
				CLANG_CXX_LANGUAGE_STANDARD = "gnu++20";
				CLANG_ENABLE_MODULES = YES;
				CLANG_ENABLE_OBJC_ARC = YES;
				CLANG_ENABLE_OBJC_WEAK = YES;
				CLANG_WARN_BLOCK_CAPTURE_AUTORELEASING = YES;
				CLANG_WARN_BOOL_CONVERSION = YES;
				CLANG_WARN_COMMA = YES;
				CLANG_WARN_CONSTANT_CONVERSION = YES;
				CLANG_WARN_DEPRECATED_OBJC_IMPLEMENTATIONS = YES;
				CLANG_WARN_DIRECT_OBJC_ISA_USAGE = YES_ERROR;
				CLANG_WARN_DOCUMENTATION_COMMENTS = YES;
				CLANG_WARN_EMPTY_BODY = YES;
				CLANG_WARN_ENUM_CONVERSION = YES;
				CLANG_WARN_INFINITE_RECURSION = YES;
				CLANG_WARN_INT_CONVERSION = YES;
				CLANG_WARN_NON_LITERAL_NULL_CONVERSION = YES;
				CLANG_WARN_OBJC_IMPLICIT_RETAIN_SELF = YES;
				CLANG_WARN_OBJC_LITERAL_CONVERSION = YES;
				CLANG_WARN_OBJC_ROOT_CLASS = YES_ERROR;
				CLANG_WARN_QUOTED_INCLUDE_IN_FRAMEWORK_HEADER = YES;
				CLANG_WARN_RANGE_LOOP_ANALYSIS = YES;
				CLANG_WARN_STRICT_PROTOTYPES = YES;
				CLANG_WARN_SUSPICIOUS_MOVE = YES;
				CLANG_WARN_UNGUARDED_AVAILABILITY = YES_AGGRESSIVE;
				CLANG_WARN_UNREACHABLE_CODE = YES;
				CLANG_WARN__DUPLICATE_METHOD_MATCH = YES;
				COPY_PHASE_STRIP = NO;
				DEBUG_INFORMATION_FORMAT = "dwarf-with-dsym";
				ENABLE_NS_ASSERTIONS = NO;
				ENABLE_STRICT_OBJC_MSGSEND = YES;
				GCC_C_LANGUAGE_STANDARD = gnu11;
				GCC_NO_COMMON_BLOCKS = YES;
				GCC_WARN_64_TO_32_BIT_CONVERSION = YES;
				GCC_WARN_ABOUT_RETURN_TYPE = YES_ERROR;
				GCC_WARN_UNDECLARED_SELECTOR = YES;
				GCC_WARN_UNINITIALIZED_AUTOS = YES_AGGRESSIVE;
				GCC_WARN_UNUSED_FUNCTION = YES;
				GCC_WARN_UNUSED_VARIABLE = YES;
				IPHONEOS_DEPLOYMENT_TARGET = 16.2;
				MTL_ENABLE_DEBUG_INFO = NO;
				MTL_FAST_MATH = YES;
				SDKROOT = iphoneos;
				SWIFT_COMPILATION_MODE = wholemodule;
				SWIFT_OPTIMIZATION_LEVEL = "-O";
				VALIDATE_PRODUCT = YES;
			};
			name = Release;
		};
		1564D4C62AB16BC700200ABC /* Debug */ = {
			isa = XCBuildConfiguration;
			buildSettings = {
				ASSETCATALOG_COMPILER_APPICON_NAME = AppIcon;
				ASSETCATALOG_COMPILER_GLOBAL_ACCENT_COLOR_NAME = AccentColor;
				CODE_SIGN_STYLE = Automatic;
				CURRENT_PROJECT_VERSION = 1;
				GENERATE_INFOPLIST_FILE = YES;
				INFOPLIST_FILE = MobileApp/Info.plist;
				INFOPLIST_KEY_UIApplicationSupportsIndirectInputEvents = YES;
				INFOPLIST_KEY_UILaunchStoryboardName = LaunchScreen;
				INFOPLIST_KEY_UIMainStoryboardFile = Main;
				INFOPLIST_KEY_UISupportedInterfaceOrientations_iPad = "UIInterfaceOrientationPortrait UIInterfaceOrientationPortraitUpsideDown UIInterfaceOrientationLandscapeLeft UIInterfaceOrientationLandscapeRight";
				INFOPLIST_KEY_UISupportedInterfaceOrientations_iPhone = "UIInterfaceOrientationPortrait UIInterfaceOrientationLandscapeLeft UIInterfaceOrientationLandscapeRight";
				IPHONEOS_DEPLOYMENT_TARGET = 14.0;
				LD_RUNPATH_SEARCH_PATHS = (
					"$(inherited)",
					"@executable_path/Frameworks",
				);
				MARKETING_VERSION = 1.0;
				PRODUCT_BUNDLE_IDENTIFIER = MyFirstApp.MobileApp;
				PRODUCT_NAME = "$(TARGET_NAME)";
				SWIFT_EMIT_LOC_STRINGS = YES;
				SWIFT_VERSION = 5.0;
				TARGETED_DEVICE_FAMILY = "1,2";
			};
			name = Debug;
		};
		1564D4C72AB16BC700200ABC /* Release */ = {
			isa = XCBuildConfiguration;
			buildSettings = {
				ASSETCATALOG_COMPILER_APPICON_NAME = AppIcon;
				ASSETCATALOG_COMPILER_GLOBAL_ACCENT_COLOR_NAME = AccentColor;
				CODE_SIGN_STYLE = Automatic;
				CURRENT_PROJECT_VERSION = 1;
				GENERATE_INFOPLIST_FILE = YES;
				INFOPLIST_FILE = MobileApp/Info.plist;
				INFOPLIST_KEY_UIApplicationSupportsIndirectInputEvents = YES;
				INFOPLIST_KEY_UILaunchStoryboardName = LaunchScreen;
				INFOPLIST_KEY_UIMainStoryboardFile = Main;
				INFOPLIST_KEY_UISupportedInterfaceOrientations_iPad = "UIInterfaceOrientationPortrait UIInterfaceOrientationPortraitUpsideDown UIInterfaceOrientationLandscapeLeft UIInterfaceOrientationLandscapeRight";
				INFOPLIST_KEY_UISupportedInterfaceOrientations_iPhone = "UIInterfaceOrientationPortrait UIInterfaceOrientationLandscapeLeft UIInterfaceOrientationLandscapeRight";
				IPHONEOS_DEPLOYMENT_TARGET = 14.0;
				LD_RUNPATH_SEARCH_PATHS = (
					"$(inherited)",
					"@executable_path/Frameworks",
				);
				MARKETING_VERSION = 1.0;
				PRODUCT_BUNDLE_IDENTIFIER = MyFirstApp.MobileApp;
				PRODUCT_NAME = "$(TARGET_NAME)";
				SWIFT_EMIT_LOC_STRINGS = YES;
				SWIFT_VERSION = 5.0;
				TARGETED_DEVICE_FAMILY = "1,2";
			};
			name = Release;
		};
		1564D4C92AB16BC700200ABC /* Debug */ = {
			isa = XCBuildConfiguration;
			buildSettings = {
				ALWAYS_EMBED_SWIFT_STANDARD_LIBRARIES = YES;
				BUNDLE_LOADER = "$(TEST_HOST)";
				CODE_SIGN_STYLE = Automatic;
				CURRENT_PROJECT_VERSION = 1;
				GENERATE_INFOPLIST_FILE = YES;
				IPHONEOS_DEPLOYMENT_TARGET = 16.2;
				MARKETING_VERSION = 1.0;
				PRODUCT_BUNDLE_IDENTIFIER = MyFirstApp.MobileAppTests;
				PRODUCT_NAME = "$(TARGET_NAME)";
				SWIFT_EMIT_LOC_STRINGS = NO;
				SWIFT_VERSION = 5.0;
				TARGETED_DEVICE_FAMILY = "1,2";
				TEST_HOST = "$(BUILT_PRODUCTS_DIR)/MobileApp.app/$(BUNDLE_EXECUTABLE_FOLDER_PATH)/MobileApp";
			};
			name = Debug;
		};
		1564D4CA2AB16BC700200ABC /* Release */ = {
			isa = XCBuildConfiguration;
			buildSettings = {
				ALWAYS_EMBED_SWIFT_STANDARD_LIBRARIES = YES;
				BUNDLE_LOADER = "$(TEST_HOST)";
				CODE_SIGN_STYLE = Automatic;
				CURRENT_PROJECT_VERSION = 1;
				GENERATE_INFOPLIST_FILE = YES;
				IPHONEOS_DEPLOYMENT_TARGET = 16.2;
				MARKETING_VERSION = 1.0;
				PRODUCT_BUNDLE_IDENTIFIER = MyFirstApp.MobileAppTests;
				PRODUCT_NAME = "$(TARGET_NAME)";
				SWIFT_EMIT_LOC_STRINGS = NO;
				SWIFT_VERSION = 5.0;
				TARGETED_DEVICE_FAMILY = "1,2";
				TEST_HOST = "$(BUILT_PRODUCTS_DIR)/MobileApp.app/$(BUNDLE_EXECUTABLE_FOLDER_PATH)/MobileApp";
			};
			name = Release;
		};
		1564D4CC2AB16BC700200ABC /* Debug */ = {
			isa = XCBuildConfiguration;
			buildSettings = {
				ALWAYS_EMBED_SWIFT_STANDARD_LIBRARIES = YES;
				CODE_SIGN_STYLE = Automatic;
				CURRENT_PROJECT_VERSION = 1;
				GENERATE_INFOPLIST_FILE = YES;
				MARKETING_VERSION = 1.0;
				PRODUCT_BUNDLE_IDENTIFIER = MyFirstApp.MobileAppUITests;
				PRODUCT_NAME = "$(TARGET_NAME)";
				SWIFT_EMIT_LOC_STRINGS = NO;
				SWIFT_VERSION = 5.0;
				TARGETED_DEVICE_FAMILY = "1,2";
				TEST_TARGET_NAME = MobileApp;
			};
			name = Debug;
		};
		1564D4CD2AB16BC700200ABC /* Release */ = {
			isa = XCBuildConfiguration;
			buildSettings = {
				ALWAYS_EMBED_SWIFT_STANDARD_LIBRARIES = YES;
				CODE_SIGN_STYLE = Automatic;
				CURRENT_PROJECT_VERSION = 1;
				GENERATE_INFOPLIST_FILE = YES;
				MARKETING_VERSION = 1.0;
				PRODUCT_BUNDLE_IDENTIFIER = MyFirstApp.MobileAppUITests;
				PRODUCT_NAME = "$(TARGET_NAME)";
				SWIFT_EMIT_LOC_STRINGS = NO;
				SWIFT_VERSION = 5.0;
				TARGETED_DEVICE_FAMILY = "1,2";
				TEST_TARGET_NAME = MobileApp;
			};
			name = Release;
		};
/* End XCBuildConfiguration section */

/* Begin XCConfigurationList section */
		1564D4962AB16BC500200ABC /* Build configuration list for PBXProject "MobileApp" */ = {
			isa = XCConfigurationList;
			buildConfigurations = (
				1564D4C32AB16BC700200ABC /* Debug */,
				1564D4C42AB16BC700200ABC /* Release */,
			);
			defaultConfigurationIsVisible = 0;
			defaultConfigurationName = Release;
		};
		1564D4C52AB16BC700200ABC /* Build configuration list for PBXNativeTarget "MobileApp" */ = {
			isa = XCConfigurationList;
			buildConfigurations = (
				1564D4C62AB16BC700200ABC /* Debug */,
				1564D4C72AB16BC700200ABC /* Release */,
			);
			defaultConfigurationIsVisible = 0;
			defaultConfigurationName = Release;
		};
		1564D4C82AB16BC700200ABC /* Build configuration list for PBXNativeTarget "MobileAppTests" */ = {
			isa = XCConfigurationList;
			buildConfigurations = (
				1564D4C92AB16BC700200ABC /* Debug */,
				1564D4CA2AB16BC700200ABC /* Release */,
			);
			defaultConfigurationIsVisible = 0;
			defaultConfigurationName = Release;
		};
		1564D4CB2AB16BC700200ABC /* Build configuration list for PBXNativeTarget "MobileAppUITests" */ = {
			isa = XCConfigurationList;
			buildConfigurations = (
				1564D4CC2AB16BC700200ABC /* Debug */,
				1564D4CD2AB16BC700200ABC /* Release */,
			);
			defaultConfigurationIsVisible = 0;
			defaultConfigurationName = Release;
		};
/* End XCConfigurationList section */
	};
	rootObject = 1564D4932AB16BC500200ABC /* Project object */;
}
