// !$*UTF8*$!
{
	archiveVersion = 1;
	classes = {
	};
	objectVersion = 56;
	objects = {

/* Begin PBXBuildFile section */
		151FE18E2B1E66FA0052A221 /* AppDelegate.swift in Sources */ = {isa = PBXBuildFile; fileRef = 151FE18D2B1E66FA0052A221 /* AppDelegate.swift */; };
		151FE1902B1E66FA0052A221 /* SceneDelegate.swift in Sources */ = {isa = PBXBuildFile; fileRef = 151FE18F2B1E66FA0052A221 /* SceneDelegate.swift */; };
		151FE1922B1E66FA0052A221 /* Main.swift in Sources */ = {isa = PBXBuildFile; fileRef = 151FE1912B1E66FA0052A221 /* Main.swift */; };
		151FE1952B1E66FA0052A221 /* Main.storyboard in Resources */ = {isa = PBXBuildFile; fileRef = 151FE1932B1E66FA0052A221 /* Main.storyboard */; };
		151FE1982B1E66FA0052A221 /* Yash_Mistry_FE_8931383.xcdatamodeld in Sources */ = {isa = PBXBuildFile; fileRef = 151FE1962B1E66FA0052A221 /* Yash_Mistry_FE_8931383.xcdatamodeld */; };
		151FE19A2B1E66FB0052A221 /* Assets.xcassets in Resources */ = {isa = PBXBuildFile; fileRef = 151FE1992B1E66FB0052A221 /* Assets.xcassets */; };
		151FE19D2B1E66FB0052A221 /* LaunchScreen.storyboard in Resources */ = {isa = PBXBuildFile; fileRef = 151FE19B2B1E66FB0052A221 /* LaunchScreen.storyboard */; };
		158850A42B2777530026439B /* DataForWeather+CoreDataClass.swift in Sources */ = {isa = PBXBuildFile; fileRef = 158850A22B2777530026439B /* DataForWeather+CoreDataClass.swift */; };
		158850A52B2777530026439B /* DataForWeather+CoreDataProperties.swift in Sources */ = {isa = PBXBuildFile; fileRef = 158850A32B2777530026439B /* DataForWeather+CoreDataProperties.swift */; };
		158850A82B27776C0026439B /* DataForMaps+CoreDataClass.swift in Sources */ = {isa = PBXBuildFile; fileRef = 158850A62B27776C0026439B /* DataForMaps+CoreDataClass.swift */; };
		158850A92B27776C0026439B /* DataForMaps+CoreDataProperties.swift in Sources */ = {isa = PBXBuildFile; fileRef = 158850A72B27776C0026439B /* DataForMaps+CoreDataProperties.swift */; };
		159F1EFB2B218B340099E8BF /* History.swift in Sources */ = {isa = PBXBuildFile; fileRef = 159F1EFA2B218B340099E8BF /* History.swift */; };
		159F1EFD2B218B7C0099E8BF /* News.swift in Sources */ = {isa = PBXBuildFile; fileRef = 159F1EFC2B218B7C0099E8BF /* News.swift */; };
		159F1EFF2B218B920099E8BF /* Weather.swift in Sources */ = {isa = PBXBuildFile; fileRef = 159F1EFE2B218B920099E8BF /* Weather.swift */; };
		159F1F012B218BA30099E8BF /* Map.swift in Sources */ = {isa = PBXBuildFile; fileRef = 159F1F002B218BA30099E8BF /* Map.swift */; };
		3C2502072B26C35700DB42F6 /* DataForNews+CoreDataClass.swift in Sources */ = {isa = PBXBuildFile; fileRef = 3C2502052B26C35700DB42F6 /* DataForNews+CoreDataClass.swift */; };
		3C2502082B26C35700DB42F6 /* DataForNews+CoreDataProperties.swift in Sources */ = {isa = PBXBuildFile; fileRef = 3C2502062B26C35700DB42F6 /* DataForNews+CoreDataProperties.swift */; };
/* End PBXBuildFile section */

/* Begin PBXFileReference section */
		151FE18A2B1E66FA0052A221 /* Yash_Mistry_FE_8931383.app */ = {isa = PBXFileReference; explicitFileType = wrapper.application; includeInIndex = 0; path = Yash_Mistry_FE_8931383.app; sourceTree = BUILT_PRODUCTS_DIR; };
		151FE18D2B1E66FA0052A221 /* AppDelegate.swift */ = {isa = PBXFileReference; lastKnownFileType = sourcecode.swift; path = AppDelegate.swift; sourceTree = "<group>"; };
		151FE18F2B1E66FA0052A221 /* SceneDelegate.swift */ = {isa = PBXFileReference; lastKnownFileType = sourcecode.swift; path = SceneDelegate.swift; sourceTree = "<group>"; };
		151FE1912B1E66FA0052A221 /* Main.swift */ = {isa = PBXFileReference; lastKnownFileType = sourcecode.swift; path = Main.swift; sourceTree = "<group>"; };
		151FE1942B1E66FA0052A221 /* Base */ = {isa = PBXFileReference; lastKnownFileType = file.storyboard; name = Base; path = Base.lproj/Main.storyboard; sourceTree = "<group>"; };
		151FE1972B1E66FA0052A221 /* Yash_Mistry_FE_8931383.xcdatamodel */ = {isa = PBXFileReference; lastKnownFileType = wrapper.xcdatamodel; path = Yash_Mistry_FE_8931383.xcdatamodel; sourceTree = "<group>"; };
		151FE1992B1E66FB0052A221 /* Assets.xcassets */ = {isa = PBXFileReference; lastKnownFileType = folder.assetcatalog; path = Assets.xcassets; sourceTree = "<group>"; };
		151FE19C2B1E66FB0052A221 /* Base */ = {isa = PBXFileReference; lastKnownFileType = file.storyboard; name = Base; path = Base.lproj/LaunchScreen.storyboard; sourceTree = "<group>"; };
		151FE19E2B1E66FB0052A221 /* Info.plist */ = {isa = PBXFileReference; lastKnownFileType = text.plist.xml; path = Info.plist; sourceTree = "<group>"; };
		158850A22B2777530026439B /* DataForWeather+CoreDataClass.swift */ = {isa = PBXFileReference; lastKnownFileType = sourcecode.swift; path = "DataForWeather+CoreDataClass.swift"; sourceTree = "<group>"; };
		158850A32B2777530026439B /* DataForWeather+CoreDataProperties.swift */ = {isa = PBXFileReference; lastKnownFileType = sourcecode.swift; path = "DataForWeather+CoreDataProperties.swift"; sourceTree = "<group>"; };
		158850A62B27776C0026439B /* DataForMaps+CoreDataClass.swift */ = {isa = PBXFileReference; lastKnownFileType = sourcecode.swift; path = "DataForMaps+CoreDataClass.swift"; sourceTree = "<group>"; };
		158850A72B27776C0026439B /* DataForMaps+CoreDataProperties.swift */ = {isa = PBXFileReference; lastKnownFileType = sourcecode.swift; path = "DataForMaps+CoreDataProperties.swift"; sourceTree = "<group>"; };
		159F1EFA2B218B340099E8BF /* History.swift */ = {isa = PBXFileReference; lastKnownFileType = sourcecode.swift; path = History.swift; sourceTree = "<group>"; };
		159F1EFC2B218B7C0099E8BF /* News.swift */ = {isa = PBXFileReference; lastKnownFileType = sourcecode.swift; path = News.swift; sourceTree = "<group>"; };
		159F1EFE2B218B920099E8BF /* Weather.swift */ = {isa = PBXFileReference; lastKnownFileType = sourcecode.swift; path = Weather.swift; sourceTree = "<group>"; };
		159F1F002B218BA30099E8BF /* Map.swift */ = {isa = PBXFileReference; lastKnownFileType = sourcecode.swift; path = Map.swift; sourceTree = "<group>"; };
		3C2502052B26C35700DB42F6 /* DataForNews+CoreDataClass.swift */ = {isa = PBXFileReference; lastKnownFileType = sourcecode.swift; path = "DataForNews+CoreDataClass.swift"; sourceTree = "<group>"; };
		3C2502062B26C35700DB42F6 /* DataForNews+CoreDataProperties.swift */ = {isa = PBXFileReference; lastKnownFileType = sourcecode.swift; path = "DataForNews+CoreDataProperties.swift"; sourceTree = "<group>"; };
/* End PBXFileReference section */

/* Begin PBXFrameworksBuildPhase section */
		151FE1872B1E66FA0052A221 /* Frameworks */ = {
			isa = PBXFrameworksBuildPhase;
			buildActionMask = 2147483647;
			files = (
			);
			runOnlyForDeploymentPostprocessing = 0;
		};
/* End PBXFrameworksBuildPhase section */

/* Begin PBXGroup section */
		151FE1812B1E66FA0052A221 = {
			isa = PBXGroup;
			children = (
				158850A62B27776C0026439B /* DataForMaps+CoreDataClass.swift */,
				158850A72B27776C0026439B /* DataForMaps+CoreDataProperties.swift */,
				158850A22B2777530026439B /* DataForWeather+CoreDataClass.swift */,
				158850A32B2777530026439B /* DataForWeather+CoreDataProperties.swift */,
				3C2502052B26C35700DB42F6 /* DataForNews+CoreDataClass.swift */,
				3C2502062B26C35700DB42F6 /* DataForNews+CoreDataProperties.swift */,
				151FE18C2B1E66FA0052A221 /* Yash_Mistry_FE_8931383 */,
				151FE18B2B1E66FA0052A221 /* Products */,
			);
			sourceTree = "<group>";
		};
		151FE18B2B1E66FA0052A221 /* Products */ = {
			isa = PBXGroup;
			children = (
				151FE18A2B1E66FA0052A221 /* Yash_Mistry_FE_8931383.app */,
			);
			name = Products;
			sourceTree = "<group>";
		};
		151FE18C2B1E66FA0052A221 /* Yash_Mistry_FE_8931383 */ = {
			isa = PBXGroup;
			children = (
				151FE18D2B1E66FA0052A221 /* AppDelegate.swift */,
				151FE18F2B1E66FA0052A221 /* SceneDelegate.swift */,
				151FE1932B1E66FA0052A221 /* Main.storyboard */,
				151FE1912B1E66FA0052A221 /* Main.swift */,
				159F1EFA2B218B340099E8BF /* History.swift */,
				159F1EFC2B218B7C0099E8BF /* News.swift */,
				159F1F002B218BA30099E8BF /* Map.swift */,
				159F1EFE2B218B920099E8BF /* Weather.swift */,
				151FE1992B1E66FB0052A221 /* Assets.xcassets */,
				151FE19B2B1E66FB0052A221 /* LaunchScreen.storyboard */,
				151FE19E2B1E66FB0052A221 /* Info.plist */,
				151FE1962B1E66FA0052A221 /* Yash_Mistry_FE_8931383.xcdatamodeld */,
			);
			path = Yash_Mistry_FE_8931383;
			sourceTree = "<group>";
		};
/* End PBXGroup section */

/* Begin PBXNativeTarget section */
		151FE1892B1E66FA0052A221 /* Yash_Mistry_FE_8931383 */ = {
			isa = PBXNativeTarget;
			buildConfigurationList = 151FE1A12B1E66FB0052A221 /* Build configuration list for PBXNativeTarget "Yash_Mistry_FE_8931383" */;
			buildPhases = (
				151FE1862B1E66FA0052A221 /* Sources */,
				151FE1872B1E66FA0052A221 /* Frameworks */,
				151FE1882B1E66FA0052A221 /* Resources */,
			);
			buildRules = (
			);
			dependencies = (
			);
			name = Yash_Mistry_FE_8931383;
			productName = Yash_Mistry_FE_8931383;
			productReference = 151FE18A2B1E66FA0052A221 /* Yash_Mistry_FE_8931383.app */;
			productType = "com.apple.product-type.application";
		};
/* End PBXNativeTarget section */

/* Begin PBXProject section */
		151FE1822B1E66FA0052A221 /* Project object */ = {
			isa = PBXProject;
			attributes = {
				BuildIndependentTargetsInParallel = 1;
				LastSwiftUpdateCheck = 1420;
				LastUpgradeCheck = 1420;
				TargetAttributes = {
					151FE1892B1E66FA0052A221 = {
						CreatedOnToolsVersion = 14.2;
					};
				};
			};
			buildConfigurationList = 151FE1852B1E66FA0052A221 /* Build configuration list for PBXProject "Yash_Mistry_FE_8931383" */;
			compatibilityVersion = "Xcode 14.0";
			developmentRegion = en;
			hasScannedForEncodings = 0;
			knownRegions = (
				en,
				Base,
			);
			mainGroup = 151FE1812B1E66FA0052A221;
			productRefGroup = 151FE18B2B1E66FA0052A221 /* Products */;
			projectDirPath = "";
			projectRoot = "";
			targets = (
				151FE1892B1E66FA0052A221 /* Yash_Mistry_FE_8931383 */,
			);
		};
/* End PBXProject section */

/* Begin PBXResourcesBuildPhase section */
		151FE1882B1E66FA0052A221 /* Resources */ = {
			isa = PBXResourcesBuildPhase;
			buildActionMask = 2147483647;
			files = (
				151FE19D2B1E66FB0052A221 /* LaunchScreen.storyboard in Resources */,
				151FE19A2B1E66FB0052A221 /* Assets.xcassets in Resources */,
				151FE1952B1E66FA0052A221 /* Main.storyboard in Resources */,
			);
			runOnlyForDeploymentPostprocessing = 0;
		};
/* End PBXResourcesBuildPhase section */

/* Begin PBXSourcesBuildPhase section */
		151FE1862B1E66FA0052A221 /* Sources */ = {
			isa = PBXSourcesBuildPhase;
			buildActionMask = 2147483647;
			files = (
				159F1EFD2B218B7C0099E8BF /* News.swift in Sources */,
				151FE1922B1E66FA0052A221 /* Main.swift in Sources */,
				158850A92B27776C0026439B /* DataForMaps+CoreDataProperties.swift in Sources */,
				3C2502082B26C35700DB42F6 /* DataForNews+CoreDataProperties.swift in Sources */,
				151FE18E2B1E66FA0052A221 /* AppDelegate.swift in Sources */,
				158850A42B2777530026439B /* DataForWeather+CoreDataClass.swift in Sources */,
				159F1F012B218BA30099E8BF /* Map.swift in Sources */,
				159F1EFB2B218B340099E8BF /* History.swift in Sources */,
				3C2502072B26C35700DB42F6 /* DataForNews+CoreDataClass.swift in Sources */,
				151FE1902B1E66FA0052A221 /* SceneDelegate.swift in Sources */,
				151FE1982B1E66FA0052A221 /* Yash_Mistry_FE_8931383.xcdatamodeld in Sources */,
				158850A82B27776C0026439B /* DataForMaps+CoreDataClass.swift in Sources */,
				158850A52B2777530026439B /* DataForWeather+CoreDataProperties.swift in Sources */,
				159F1EFF2B218B920099E8BF /* Weather.swift in Sources */,
			);
			runOnlyForDeploymentPostprocessing = 0;
		};
/* End PBXSourcesBuildPhase section */

/* Begin PBXVariantGroup section */
		151FE1932B1E66FA0052A221 /* Main.storyboard */ = {
			isa = PBXVariantGroup;
			children = (
				151FE1942B1E66FA0052A221 /* Base */,
			);
			name = Main.storyboard;
			sourceTree = "<group>";
		};
		151FE19B2B1E66FB0052A221 /* LaunchScreen.storyboard */ = {
			isa = PBXVariantGroup;
			children = (
				151FE19C2B1E66FB0052A221 /* Base */,
			);
			name = LaunchScreen.storyboard;
			sourceTree = "<group>";
		};
/* End PBXVariantGroup section */

/* Begin XCBuildConfiguration section */
		151FE19F2B1E66FB0052A221 /* Debug */ = {
			isa = XCBuildConfiguration;
			buildSettings = {
				ALWAYS_SEARCH_USER_PATHS = NO;
				CLANG_ANALYZER_NONNULL = YES;
				CLANG_ANALYZER_NUMBER_OBJECT_CONVERSION = YES_AGGRESSIVE;
				CLANG_CXX_LANGUAGE_STANDARD = "gnu++20";
				CLANG_ENABLE_MODULES = YES;
				CLANG_ENABLE_OBJC_ARC = YES;
				CLANG_ENABLE_OBJC_WEAK = YES;
				CLANG_WARN_BLOCK_CAPTURE_AUTORELEASING = YES;
				CLANG_WARN_BOOL_CONVERSION = YES;
				CLANG_WARN_COMMA = YES;
				CLANG_WARN_CONSTANT_CONVERSION = YES;
				CLANG_WARN_DEPRECATED_OBJC_IMPLEMENTATIONS = YES;
				CLANG_WARN_DIRECT_OBJC_ISA_USAGE = YES_ERROR;
				CLANG_WARN_DOCUMENTATION_COMMENTS = YES;
				CLANG_WARN_EMPTY_BODY = YES;
				CLANG_WARN_ENUM_CONVERSION = YES;
				CLANG_WARN_INFINITE_RECURSION = YES;
				CLANG_WARN_INT_CONVERSION = YES;
				CLANG_WARN_NON_LITERAL_NULL_CONVERSION = YES;
				CLANG_WARN_OBJC_IMPLICIT_RETAIN_SELF = YES;
				CLANG_WARN_OBJC_LITERAL_CONVERSION = YES;
				CLANG_WARN_OBJC_ROOT_CLASS = YES_ERROR;
				CLANG_WARN_QUOTED_INCLUDE_IN_FRAMEWORK_HEADER = YES;
				CLANG_WARN_RANGE_LOOP_ANALYSIS = YES;
				CLANG_WARN_STRICT_PROTOTYPES = YES;
				CLANG_WARN_SUSPICIOUS_MOVE = YES;
				CLANG_WARN_UNGUARDED_AVAILABILITY = YES_AGGRESSIVE;
				CLANG_WARN_UNREACHABLE_CODE = YES;
				CLANG_WARN__DUPLICATE_METHOD_MATCH = YES;
				COPY_PHASE_STRIP = NO;
				DEBUG_INFORMATION_FORMAT = dwarf;
				ENABLE_STRICT_OBJC_MSGSEND = YES;
				ENABLE_TESTABILITY = YES;
				GCC_C_LANGUAGE_STANDARD = gnu11;
				GCC_DYNAMIC_NO_PIC = NO;
				GCC_NO_COMMON_BLOCKS = YES;
				GCC_OPTIMIZATION_LEVEL = 0;
				GCC_PREPROCESSOR_DEFINITIONS = (
					"DEBUG=1",
					"$(inherited)",
				);
				GCC_WARN_64_TO_32_BIT_CONVERSION = YES;
				GCC_WARN_ABOUT_RETURN_TYPE = YES_ERROR;
				GCC_WARN_UNDECLARED_SELECTOR = YES;
				GCC_WARN_UNINITIALIZED_AUTOS = YES_AGGRESSIVE;
				GCC_WARN_UNUSED_FUNCTION = YES;
				GCC_WARN_UNUSED_VARIABLE = YES;
				IPHONEOS_DEPLOYMENT_TARGET = 16.2;
				MTL_ENABLE_DEBUG_INFO = INCLUDE_SOURCE;
				MTL_FAST_MATH = YES;
				ONLY_ACTIVE_ARCH = YES;
				SDKROOT = iphoneos;
				SWIFT_ACTIVE_COMPILATION_CONDITIONS = DEBUG;
				SWIFT_OPTIMIZATION_LEVEL = "-Onone";
			};
			name = Debug;
		};
		151FE1A02B1E66FB0052A221 /* Release */ = {
			isa = XCBuildConfiguration;
			buildSettings = {
				ALWAYS_SEARCH_USER_PATHS = NO;
				CLANG_ANALYZER_NONNULL = YES;
				CLANG_ANALYZER_NUMBER_OBJECT_CONVERSION = YES_AGGRESSIVE;
				CLANG_CXX_LANGUAGE_STANDARD = "gnu++20";
				CLANG_ENABLE_MODULES = YES;
				CLANG_ENABLE_OBJC_ARC = YES;
				CLANG_ENABLE_OBJC_WEAK = YES;
				CLANG_WARN_BLOCK_CAPTURE_AUTORELEASING = YES;
				CLANG_WARN_BOOL_CONVERSION = YES;
				CLANG_WARN_COMMA = YES;
				CLANG_WARN_CONSTANT_CONVERSION = YES;
				CLANG_WARN_DEPRECATED_OBJC_IMPLEMENTATIONS = YES;
				CLANG_WARN_DIRECT_OBJC_ISA_USAGE = YES_ERROR;
				CLANG_WARN_DOCUMENTATION_COMMENTS = YES;
				CLANG_WARN_EMPTY_BODY = YES;
				CLANG_WARN_ENUM_CONVERSION = YES;
				CLANG_WARN_INFINITE_RECURSION = YES;
				CLANG_WARN_INT_CONVERSION = YES;
				CLANG_WARN_NON_LITERAL_NULL_CONVERSION = YES;
				CLANG_WARN_OBJC_IMPLICIT_RETAIN_SELF = YES;
				CLANG_WARN_OBJC_LITERAL_CONVERSION = YES;
				CLANG_WARN_OBJC_ROOT_CLASS = YES_ERROR;
				CLANG_WARN_QUOTED_INCLUDE_IN_FRAMEWORK_HEADER = YES;
				CLANG_WARN_RANGE_LOOP_ANALYSIS = YES;
				CLANG_WARN_STRICT_PROTOTYPES = YES;
				CLANG_WARN_SUSPICIOUS_MOVE = YES;
				CLANG_WARN_UNGUARDED_AVAILABILITY = YES_AGGRESSIVE;
				CLANG_WARN_UNREACHABLE_CODE = YES;
				CLANG_WARN__DUPLICATE_METHOD_MATCH = YES;
				COPY_PHASE_STRIP = NO;
				DEBUG_INFORMATION_FORMAT = "dwarf-with-dsym";
				ENABLE_NS_ASSERTIONS = NO;
				ENABLE_STRICT_OBJC_MSGSEND = YES;
				GCC_C_LANGUAGE_STANDARD = gnu11;
				GCC_NO_COMMON_BLOCKS = YES;
				GCC_WARN_64_TO_32_BIT_CONVERSION = YES;
				GCC_WARN_ABOUT_RETURN_TYPE = YES_ERROR;
				GCC_WARN_UNDECLARED_SELECTOR = YES;
				GCC_WARN_UNINITIALIZED_AUTOS = YES_AGGRESSIVE;
				GCC_WARN_UNUSED_FUNCTION = YES;
				GCC_WARN_UNUSED_VARIABLE = YES;
				IPHONEOS_DEPLOYMENT_TARGET = 16.2;
				MTL_ENABLE_DEBUG_INFO = NO;
				MTL_FAST_MATH = YES;
				SDKROOT = iphoneos;
				SWIFT_COMPILATION_MODE = wholemodule;
				SWIFT_OPTIMIZATION_LEVEL = "-O";
				VALIDATE_PRODUCT = YES;
			};
			name = Release;
		};
		151FE1A22B1E66FB0052A221 /* Debug */ = {
			isa = XCBuildConfiguration;
			buildSettings = {
				ASSETCATALOG_COMPILER_APPICON_NAME = AppIcon;
				ASSETCATALOG_COMPILER_GLOBAL_ACCENT_COLOR_NAME = AccentColor;
				CODE_SIGN_STYLE = Automatic;
				CURRENT_PROJECT_VERSION = 1;
				GENERATE_INFOPLIST_FILE = YES;
				INFOPLIST_FILE = Yash_Mistry_FE_8931383/Info.plist;
				INFOPLIST_KEY_UIApplicationSupportsIndirectInputEvents = YES;
				INFOPLIST_KEY_UILaunchStoryboardName = LaunchScreen;
				INFOPLIST_KEY_UIMainStoryboardFile = Main;
				INFOPLIST_KEY_UISupportedInterfaceOrientations_iPad = "UIInterfaceOrientationPortrait UIInterfaceOrientationPortraitUpsideDown UIInterfaceOrientationLandscapeLeft UIInterfaceOrientationLandscapeRight";
				INFOPLIST_KEY_UISupportedInterfaceOrientations_iPhone = "UIInterfaceOrientationPortrait UIInterfaceOrientationLandscapeLeft UIInterfaceOrientationLandscapeRight";
				LD_RUNPATH_SEARCH_PATHS = (
					"$(inherited)",
					"@executable_path/Frameworks",
				);
				MARKETING_VERSION = 1.0;
				PRODUCT_BUNDLE_IDENTIFIER = "Test.Yash-Mistry-FE-8931383";
				PRODUCT_NAME = "$(TARGET_NAME)";
				SWIFT_EMIT_LOC_STRINGS = YES;
				SWIFT_VERSION = 5.0;
				TARGETED_DEVICE_FAMILY = "1,2";
			};
			name = Debug;
		};
		151FE1A32B1E66FB0052A221 /* Release */ = {
			isa = XCBuildConfiguration;
			buildSettings = {
				ASSETCATALOG_COMPILER_APPICON_NAME = AppIcon;
				ASSETCATALOG_COMPILER_GLOBAL_ACCENT_COLOR_NAME = AccentColor;
				CODE_SIGN_STYLE = Automatic;
				CURRENT_PROJECT_VERSION = 1;
				GENERATE_INFOPLIST_FILE = YES;
				INFOPLIST_FILE = Yash_Mistry_FE_8931383/Info.plist;
				INFOPLIST_KEY_UIApplicationSupportsIndirectInputEvents = YES;
				INFOPLIST_KEY_UILaunchStoryboardName = LaunchScreen;
				INFOPLIST_KEY_UIMainStoryboardFile = Main;
				INFOPLIST_KEY_UISupportedInterfaceOrientations_iPad = "UIInterfaceOrientationPortrait UIInterfaceOrientationPortraitUpsideDown UIInterfaceOrientationLandscapeLeft UIInterfaceOrientationLandscapeRight";
				INFOPLIST_KEY_UISupportedInterfaceOrientations_iPhone = "UIInterfaceOrientationPortrait UIInterfaceOrientationLandscapeLeft UIInterfaceOrientationLandscapeRight";
				LD_RUNPATH_SEARCH_PATHS = (
					"$(inherited)",
					"@executable_path/Frameworks",
				);
				MARKETING_VERSION = 1.0;
				PRODUCT_BUNDLE_IDENTIFIER = "Test.Yash-Mistry-FE-8931383";
				PRODUCT_NAME = "$(TARGET_NAME)";
				SWIFT_EMIT_LOC_STRINGS = YES;
				SWIFT_VERSION = 5.0;
				TARGETED_DEVICE_FAMILY = "1,2";
			};
			name = Release;
		};
/* End XCBuildConfiguration section */

/* Begin XCConfigurationList section */
		151FE1852B1E66FA0052A221 /* Build configuration list for PBXProject "Yash_Mistry_FE_8931383" */ = {
			isa = XCConfigurationList;
			buildConfigurations = (
				151FE19F2B1E66FB0052A221 /* Debug */,
				151FE1A02B1E66FB0052A221 /* Release */,
			);
			defaultConfigurationIsVisible = 0;
			defaultConfigurationName = Release;
		};
		151FE1A12B1E66FB0052A221 /* Build configuration list for PBXNativeTarget "Yash_Mistry_FE_8931383" */ = {
			isa = XCConfigurationList;
			buildConfigurations = (
				151FE1A22B1E66FB0052A221 /* Debug */,
				151FE1A32B1E66FB0052A221 /* Release */,
			);
			defaultConfigurationIsVisible = 0;
			defaultConfigurationName = Release;
		};
/* End XCConfigurationList section */

/* Begin XCVersionGroup section */
		151FE1962B1E66FA0052A221 /* Yash_Mistry_FE_8931383.xcdatamodeld */ = {
			isa = XCVersionGroup;
			children = (
				151FE1972B1E66FA0052A221 /* Yash_Mistry_FE_8931383.xcdatamodel */,
			);
			currentVersion = 151FE1972B1E66FA0052A221 /* Yash_Mistry_FE_8931383.xcdatamodel */;
			path = Yash_Mistry_FE_8931383.xcdatamodeld;
			sourceTree = "<group>";
			versionGroupType = wrapper.xcdatamodel;
		};
/* End XCVersionGroup section */
	};
	rootObject = 151FE1822B1E66FA0052A221 /* Project object */;
}
